// !$*UTF8*$!
{
	archiveVersion = 1;
	classes = {
	};
	objectVersion = 50;
	objects = {

/* Begin PBXBuildFile section */
		B9256B242333C435000454FD /* AppDelegate.swift in Sources */ = {isa = PBXBuildFile; fileRef = B9256B232333C435000454FD /* AppDelegate.swift */; };
		B9256B262333C435000454FD /* ViewController.swift in Sources */ = {isa = PBXBuildFile; fileRef = B9256B252333C435000454FD /* ViewController.swift */; };
		B9256B292333C435000454FD /* Main.storyboard in Resources */ = {isa = PBXBuildFile; fileRef = B9256B272333C435000454FD /* Main.storyboard */; };
		B9256B2B2333C437000454FD /* Assets.xcassets in Resources */ = {isa = PBXBuildFile; fileRef = B9256B2A2333C437000454FD /* Assets.xcassets */; };
		B9256B2E2333C437000454FD /* LaunchScreen.storyboard in Resources */ = {isa = PBXBuildFile; fileRef = B9256B2C2333C437000454FD /* LaunchScreen.storyboard */; };
		B9256B362333C9C6000454FD /* PolarisIcons.xcassets in Resources */ = {isa = PBXBuildFile; fileRef = B9256B352333C9C6000454FD /* PolarisIcons.xcassets */; };
		B9256B382333CA32000454FD /* polaris_icons.json in Resources */ = {isa = PBXBuildFile; fileRef = B9256B372333CA32000454FD /* polaris_icons.json */; };
/* End PBXBuildFile section */

/* Begin PBXFileReference section */
		B9256B202333C435000454FD /* PolarisIcons.app */ = {isa = PBXFileReference; explicitFileType = wrapper.application; includeInIndex = 0; path = PolarisIcons.app; sourceTree = BUILT_PRODUCTS_DIR; };
		B9256B232333C435000454FD /* AppDelegate.swift */ = {isa = PBXFileReference; lastKnownFileType = sourcecode.swift; path = AppDelegate.swift; sourceTree = "<group>"; };
		B9256B252333C435000454FD /* ViewController.swift */ = {isa = PBXFileReference; lastKnownFileType = sourcecode.swift; path = ViewController.swift; sourceTree = "<group>"; };
		B9256B282333C435000454FD /* Base */ = {isa = PBXFileReference; lastKnownFileType = file.storyboard; name = Base; path = Base.lproj/Main.storyboard; sourceTree = "<group>"; };
		B9256B2A2333C437000454FD /* Assets.xcassets */ = {isa = PBXFileReference; lastKnownFileType = folder.assetcatalog; path = Assets.xcassets; sourceTree = "<group>"; };
		B9256B2D2333C437000454FD /* Base */ = {isa = PBXFileReference; lastKnownFileType = file.storyboard; name = Base; path = Base.lproj/LaunchScreen.storyboard; sourceTree = "<group>"; };
		B9256B2F2333C437000454FD /* Info.plist */ = {isa = PBXFileReference; lastKnownFileType = text.plist.xml; path = Info.plist; sourceTree = "<group>"; };
		B9256B352333C9C6000454FD /* PolarisIcons.xcassets */ = {isa = PBXFileReference; lastKnownFileType = folder.assetcatalog; name = PolarisIcons.xcassets; path = ../../../images/xcode/PolarisIcons.xcassets; sourceTree = "<group>"; };
		B9256B372333CA32000454FD /* polaris_icons.json */ = {isa = PBXFileReference; fileEncoding = 4; lastKnownFileType = text.json; path = polaris_icons.json; sourceTree = "<group>"; };
/* End PBXFileReference section */

/* Begin PBXFrameworksBuildPhase section */
		B9256B1D2333C435000454FD /* Frameworks */ = {
			isa = PBXFrameworksBuildPhase;
			buildActionMask = 2147483647;
			files = (
			);
			runOnlyForDeploymentPostprocessing = 0;
		};
/* End PBXFrameworksBuildPhase section */

/* Begin PBXGroup section */
		B9256B172333C435000454FD = {
			isa = PBXGroup;
			children = (
				B9256B222333C435000454FD /* PolarisIcons */,
				B9256B212333C435000454FD /* Products */,
			);
			sourceTree = "<group>";
		};
		B9256B212333C435000454FD /* Products */ = {
			isa = PBXGroup;
			children = (
				B9256B202333C435000454FD /* PolarisIcons.app */,
			);
			name = Products;
			sourceTree = "<group>";
		};
		B9256B222333C435000454FD /* PolarisIcons */ = {
			isa = PBXGroup;
			children = (
				B9256B372333CA32000454FD /* polaris_icons.json */,
				B9256B352333C9C6000454FD /* PolarisIcons.xcassets */,
				B9256B232333C435000454FD /* AppDelegate.swift */,
				B9256B252333C435000454FD /* ViewController.swift */,
				B9256B272333C435000454FD /* Main.storyboard */,
				B9256B2A2333C437000454FD /* Assets.xcassets */,
				B9256B2C2333C437000454FD /* LaunchScreen.storyboard */,
				B9256B2F2333C437000454FD /* Info.plist */,
			);
			path = PolarisIcons;
			sourceTree = "<group>";
		};
/* End PBXGroup section */

/* Begin PBXNativeTarget section */
		B9256B1F2333C435000454FD /* PolarisIcons */ = {
			isa = PBXNativeTarget;
			buildConfigurationList = B9256B322333C437000454FD /* Build configuration list for PBXNativeTarget "PolarisIcons" */;
			buildPhases = (
				B9256B1C2333C435000454FD /* Sources */,
				B9256B1D2333C435000454FD /* Frameworks */,
				B9256B1E2333C435000454FD /* Resources */,
			);
			buildRules = (
			);
			dependencies = (
			);
			name = PolarisIcons;
			productName = PolarisIcons;
			productReference = B9256B202333C435000454FD /* PolarisIcons.app */;
			productType = "com.apple.product-type.application";
		};
/* End PBXNativeTarget section */

/* Begin PBXProject section */
		B9256B182333C435000454FD /* Project object */ = {
			isa = PBXProject;
			attributes = {
				LastSwiftUpdateCheck = 1030;
				LastUpgradeCheck = 1030;
				ORGANIZATIONNAME = Shopify;
				TargetAttributes = {
					B9256B1F2333C435000454FD = {
						CreatedOnToolsVersion = 10.3;
					};
				};
			};
			buildConfigurationList = B9256B1B2333C435000454FD /* Build configuration list for PBXProject "PolarisIcons" */;
			compatibilityVersion = "Xcode 9.3";
			developmentRegion = en;
			hasScannedForEncodings = 0;
			knownRegions = (
				en,
				Base,
			);
			mainGroup = B9256B172333C435000454FD;
			productRefGroup = B9256B212333C435000454FD /* Products */;
			projectDirPath = "";
			projectRoot = "";
			targets = (
				B9256B1F2333C435000454FD /* PolarisIcons */,
			);
		};
/* End PBXProject section */

/* Begin PBXResourcesBuildPhase section */
		B9256B1E2333C435000454FD /* Resources */ = {
			isa = PBXResourcesBuildPhase;
			buildActionMask = 2147483647;
			files = (
				B9256B2E2333C437000454FD /* LaunchScreen.storyboard in Resources */,
				B9256B382333CA32000454FD /* polaris_icons.json in Resources */,
				B9256B2B2333C437000454FD /* Assets.xcassets in Resources */,
				B9256B292333C435000454FD /* Main.storyboard in Resources */,
				B9256B362333C9C6000454FD /* PolarisIcons.xcassets in Resources */,
			);
			runOnlyForDeploymentPostprocessing = 0;
		};
/* End PBXResourcesBuildPhase section */

/* Begin PBXSourcesBuildPhase section */
		B9256B1C2333C435000454FD /* Sources */ = {
			isa = PBXSourcesBuildPhase;
			buildActionMask = 2147483647;
			files = (
				B9256B262333C435000454FD /* ViewController.swift in Sources */,
				B9256B242333C435000454FD /* AppDelegate.swift in Sources */,
			);
			runOnlyForDeploymentPostprocessing = 0;
		};
/* End PBXSourcesBuildPhase section */

/* Begin PBXVariantGroup section */
		B9256B272333C435000454FD /* Main.storyboard */ = {
			isa = PBXVariantGroup;
			children = (
				B9256B282333C435000454FD /* Base */,
			);
			name = Main.storyboard;
			sourceTree = "<group>";
		};
		B9256B2C2333C437000454FD /* LaunchScreen.storyboard */ = {
			isa = PBXVariantGroup;
			children = (
				B9256B2D2333C437000454FD /* Base */,
			);
			name = LaunchScreen.storyboard;
			sourceTree = "<group>";
		};
/* End PBXVariantGroup section */

/* Begin XCBuildConfiguration section */
		B9256B302333C437000454FD /* Debug */ = {
			isa = XCBuildConfiguration;
			buildSettings = {
				ALWAYS_SEARCH_USER_PATHS = NO;
				CLANG_ANALYZER_NONNULL = YES;
				CLANG_ANALYZER_NUMBER_OBJECT_CONVERSION = YES_AGGRESSIVE;
				CLANG_CXX_LANGUAGE_STANDARD = "gnu++14";
				CLANG_CXX_LIBRARY = "libc++";
				CLANG_ENABLE_MODULES = YES;
				CLANG_ENABLE_OBJC_ARC = YES;
				CLANG_ENABLE_OBJC_WEAK = YES;
				CLANG_WARN_BLOCK_CAPTURE_AUTORELEASING = YES;
				CLANG_WARN_BOOL_CONVERSION = YES;
				CLANG_WARN_COMMA = YES;
				CLANG_WARN_CONSTANT_CONVERSION = YES;
				CLANG_WARN_DEPRECATED_OBJC_IMPLEMENTATIONS = YES;
				CLANG_WARN_DIRECT_OBJC_ISA_USAGE = YES_ERROR;
				CLANG_WARN_DOCUMENTATION_COMMENTS = YES;
				CLANG_WARN_EMPTY_BODY = YES;
				CLANG_WARN_ENUM_CONVERSION = YES;
				CLANG_WARN_INFINITE_RECURSION = YES;
				CLANG_WARN_INT_CONVERSION = YES;
				CLANG_WARN_NON_LITERAL_NULL_CONVERSION = YES;
				CLANG_WARN_OBJC_IMPLICIT_RETAIN_SELF = YES;
				CLANG_WARN_OBJC_LITERAL_CONVERSION = YES;
				CLANG_WARN_OBJC_ROOT_CLASS = YES_ERROR;
				CLANG_WARN_RANGE_LOOP_ANALYSIS = YES;
				CLANG_WARN_STRICT_PROTOTYPES = YES;
				CLANG_WARN_SUSPICIOUS_MOVE = YES;
				CLANG_WARN_UNGUARDED_AVAILABILITY = YES_AGGRESSIVE;
				CLANG_WARN_UNREACHABLE_CODE = YES;
				CLANG_WARN__DUPLICATE_METHOD_MATCH = YES;
				COPY_PHASE_STRIP = NO;
				DEBUG_INFORMATION_FORMAT = dwarf;
				ENABLE_STRICT_OBJC_MSGSEND = YES;
				ENABLE_TESTABILITY = YES;
				GCC_C_LANGUAGE_STANDARD = gnu11;
				GCC_DYNAMIC_NO_PIC = NO;
				GCC_NO_COMMON_BLOCKS = YES;
				GCC_OPTIMIZATION_LEVEL = 0;
				GCC_PREPROCESSOR_DEFINITIONS = (
					"DEBUG=1",
					"$(inherited)",
				);
				GCC_WARN_64_TO_32_BIT_CONVERSION = YES;
				GCC_WARN_ABOUT_RETURN_TYPE = YES_ERROR;
				GCC_WARN_UNDECLARED_SELECTOR = YES;
				GCC_WARN_UNINITIALIZED_AUTOS = YES_AGGRESSIVE;
				GCC_WARN_UNUSED_FUNCTION = YES;
				GCC_WARN_UNUSED_VARIABLE = YES;
				IPHONEOS_DEPLOYMENT_TARGET = 12.4;
				MTL_ENABLE_DEBUG_INFO = INCLUDE_SOURCE;
				MTL_FAST_MATH = YES;
				ONLY_ACTIVE_ARCH = YES;
				SDKROOT = iphoneos;
				SWIFT_ACTIVE_COMPILATION_CONDITIONS = DEBUG;
				SWIFT_OPTIMIZATION_LEVEL = "-Onone";
			};
			name = Debug;
		};
		B9256B312333C437000454FD /* Release */ = {
			isa = XCBuildConfiguration;
			buildSettings = {
				ALWAYS_SEARCH_USER_PATHS = NO;
				CLANG_ANALYZER_NONNULL = YES;
				CLANG_ANALYZER_NUMBER_OBJECT_CONVERSION = YES_AGGRESSIVE;
				CLANG_CXX_LANGUAGE_STANDARD = "gnu++14";
				CLANG_CXX_LIBRARY = "libc++";
				CLANG_ENABLE_MODULES = YES;
				CLANG_ENABLE_OBJC_ARC = YES;
				CLANG_ENABLE_OBJC_WEAK = YES;
				CLANG_WARN_BLOCK_CAPTURE_AUTORELEASING = YES;
				CLANG_WARN_BOOL_CONVERSION = YES;
				CLANG_WARN_COMMA = YES;
				CLANG_WARN_CONSTANT_CONVERSION = YES;
				CLANG_WARN_DEPRECATED_OBJC_IMPLEMENTATIONS = YES;
				CLANG_WARN_DIRECT_OBJC_ISA_USAGE = YES_ERROR;
				CLANG_WARN_DOCUMENTATION_COMMENTS = YES;
				CLANG_WARN_EMPTY_BODY = YES;
				CLANG_WARN_ENUM_CONVERSION = YES;
				CLANG_WARN_INFINITE_RECURSION = YES;
				CLANG_WARN_INT_CONVERSION = YES;
				CLANG_WARN_NON_LITERAL_NULL_CONVERSION = YES;
				CLANG_WARN_OBJC_IMPLICIT_RETAIN_SELF = YES;
				CLANG_WARN_OBJC_LITERAL_CONVERSION = YES;
				CLANG_WARN_OBJC_ROOT_CLASS = YES_ERROR;
				CLANG_WARN_RANGE_LOOP_ANALYSIS = YES;
				CLANG_WARN_STRICT_PROTOTYPES = YES;
				CLANG_WARN_SUSPICIOUS_MOVE = YES;
				CLANG_WARN_UNGUARDED_AVAILABILITY = YES_AGGRESSIVE;
				CLANG_WARN_UNREACHABLE_CODE = YES;
				CLANG_WARN__DUPLICATE_METHOD_MATCH = YES;
				COPY_PHASE_STRIP = NO;
				DEBUG_INFORMATION_FORMAT = "dwarf-with-dsym";
				ENABLE_NS_ASSERTIONS = NO;
				ENABLE_STRICT_OBJC_MSGSEND = YES;
				GCC_C_LANGUAGE_STANDARD = gnu11;
				GCC_NO_COMMON_BLOCKS = YES;
				GCC_WARN_64_TO_32_BIT_CONVERSION = YES;
				GCC_WARN_ABOUT_RETURN_TYPE = YES_ERROR;
				GCC_WARN_UNDECLARED_SELECTOR = YES;
				GCC_WARN_UNINITIALIZED_AUTOS = YES_AGGRESSIVE;
				GCC_WARN_UNUSED_FUNCTION = YES;
				GCC_WARN_UNUSED_VARIABLE = YES;
				IPHONEOS_DEPLOYMENT_TARGET = 12.4;
				MTL_ENABLE_DEBUG_INFO = NO;
				MTL_FAST_MATH = YES;
				SDKROOT = iphoneos;
				SWIFT_COMPILATION_MODE = wholemodule;
				SWIFT_OPTIMIZATION_LEVEL = "-O";
				VALIDATE_PRODUCT = YES;
			};
			name = Release;
		};
		B9256B332333C437000454FD /* Debug */ = {
			isa = XCBuildConfiguration;
			buildSettings = {
				ASSETCATALOG_COMPILER_APPICON_NAME = AppIcon;
				INFOPLIST_FILE = PolarisIcons/Info.plist;
				IPHONEOS_DEPLOYMENT_TARGET = 10.0;
				LD_RUNPATH_SEARCH_PATHS = (
					"$(inherited)",
					"@executable_path/Frameworks",
				);
				PRODUCT_BUNDLE_IDENTIFIER = com.shopify.PolarisIcons;
				PRODUCT_NAME = "$(TARGET_NAME)";
				SWIFT_VERSION = 5.0;
				TARGETED_DEVICE_FAMILY = "1,2";
			};
			name = Debug;
		};
		B9256B342333C437000454FD /* Release */ = {
			isa = XCBuildConfiguration;
			buildSettings = {
				ASSETCATALOG_COMPILER_APPICON_NAME = AppIcon;
				INFOPLIST_FILE = PolarisIcons/Info.plist;
				IPHONEOS_DEPLOYMENT_TARGET = 10.0;
				LD_RUNPATH_SEARCH_PATHS = (
					"$(inherited)",
					"@executable_path/Frameworks",
				);
				PRODUCT_BUNDLE_IDENTIFIER = com.shopify.PolarisIcons;
				PRODUCT_NAME = "$(TARGET_NAME)";
				SWIFT_VERSION = 5.0;
				TARGETED_DEVICE_FAMILY = "1,2";
			};
			name = Release;
		};
/* End XCBuildConfiguration section */

/* Begin XCConfigurationList section */
		B9256B1B2333C435000454FD /* Build configuration list for PBXProject "PolarisIcons" */ = {
			isa = XCConfigurationList;
			buildConfigurations = (
				B9256B302333C437000454FD /* Debug */,
				B9256B312333C437000454FD /* Release */,
			);
			defaultConfigurationIsVisible = 0;
			defaultConfigurationName = Release;
		};
		B9256B322333C437000454FD /* Build configuration list for PBXNativeTarget "PolarisIcons" */ = {
			isa = XCConfigurationList;
			buildConfigurations = (
				B9256B332333C437000454FD /* Debug */,
				B9256B342333C437000454FD /* Release */,
			);
			defaultConfigurationIsVisible = 0;
			defaultConfigurationName = Release;
		};
/* End XCConfigurationList section */
	};
	rootObject = B9256B182333C435000454FD /* Project object */;
}
